
Microsoft Visual Studio Solution File, Format Version 12.00
# Visual Studio 15
VisualStudioVersion = 15.0.27130.2026
MinimumVisualStudioVersion = 10.0.40219.1
Project("{FAE04EC0-301F-11D3-BF4B-00C04F79EFBC}") = "ADOEmp", "ADOEmp\ADOEmp.csproj", "{93BC4957-062E-4156-8ABE-97C6A31059B6}"
EndProject
Global
	GlobalSection(SolutionConfigurationPlatforms) = preSolution
		Debug|Any CPU = Debug|Any CPU
		Release|Any CPU = Release|Any CPU
	EndGlobalSection
	GlobalSection(ProjectConfigurationPlatforms) = postSolution
		{93BC4957-062E-4156-8ABE-97C6A31059B6}.Debug|Any CPU.ActiveCfg = Debug|Any CPU
		{93BC4957-062E-4156-8ABE-97C6A31059B6}.Debug|Any CPU.Build.0 = Debug|Any CPU
		{93BC4957-062E-4156-8ABE-97C6A31059B6}.Release|Any CPU.ActiveCfg = Release|Any CPU
		{93BC4957-062E-4156-8ABE-97C6A31059B6}.Release|Any CPU.Build.0 = Release|Any CPU
	EndGlobalSection
	GlobalSection(SolutionProperties) = preSolution
		HideSolutionNode = FALSE
	EndGlobalSection
	GlobalSection(ExtensibilityGlobals) = postSolution
		SolutionGuid = {234335D6-846C-4408-BD4C-FAF98280C19C}
	EndGlobalSection
EndGlobal
